{
  "version": 4,
  "terraform_version": "0.12.24",
  "serial": 3,
  "lineage": "6ace3245-b82f-729b-92f9-855962d24c97",
  "outputs": {},
  "resources": [
    {
      "mode": "managed",
      "type": "google_container_cluster",
      "name": "awesome-k8s-cluster",
      "provider": "provider.google",
      "instances": [
        {
          "schema_version": 1,
          "attributes": {
            "additional_zones": [],
            "addons_config": [
              {
                "horizontal_pod_autoscaling": [],
                "http_load_balancing": [],
                "kubernetes_dashboard": [],
                "network_policy_config": [
                  {
                    "disabled": true
                  }
                ]
              }
            ],
            "authenticator_groups_config": [],
            "cluster_autoscaling": [
              {
                "auto_provisioning_defaults": [],
                "enabled": false,
                "resource_limits": []
              }
            ],
            "cluster_ipv4_cidr": "10.4.0.0/14",
            "default_max_pods_per_node": 110,
            "description": "",
            "enable_binary_authorization": false,
            "enable_intranode_visibility": null,
            "enable_kubernetes_alpha": false,
            "enable_legacy_abac": false,
            "enable_tpu": null,
            "endpoint": "23.251.159.66",
            "id": "projects/docker-266910/locations/us-central1-c/clusters/awesome-k8s-cluster",
            "initial_node_count": 1,
            "instance_group_urls": [],
            "ip_allocation_policy": [],
            "label_fingerprint": "a9dc16a7",
            "location": "us-central1-c",
            "logging_service": "logging.googleapis.com/kubernetes",
            "maintenance_policy": [],
            "master_auth": [
              {
                "client_certificate": "",
                "client_certificate_config": [
                  {
                    "issue_client_certificate": false
                  }
                ],
                "client_key": "",
                "cluster_ca_certificate": "LS0tLS1CRUdJTiBDRVJUSUZJQ0FURS0tLS0tCk1JSURERENDQWZTZ0F3SUJBZ0lSQUxRY0tDd3BlUDF1cVo2Qmthcmd1VVl3RFFZSktvWklodmNOQVFFTEJRQXcKTHpFdE1Dc0dBMVVFQXhNa1pHSmlaRGxoWmpFdFl6ZzVZaTAwWlRJd0xUaGlPVFV0TkdNek56QTBNbUU0T1daawpNQjRYRFRJd01EUXhNVEEyTkRFd00xb1hEVEkxTURReE1EQTNOREV3TTFvd0x6RXRNQ3NHQTFVRUF4TWtaR0ppClpEbGhaakV0WXpnNVlpMDBaVEl3TFRoaU9UVXROR016TnpBME1tRTRPV1prTUlJQklqQU5CZ2txaGtpRzl3MEIKQVFFRkFBT0NBUThBTUlJQkNnS0NBUUVBbWt2RUdyOUJHMnhBU1RJZkRpSmpxZHZCTzNvOUM5RGpkNURZUm9tegoyRTQ0aUE1TENXWnVnT1VvU1EyVmJLZFRlM2JkSEdwaXdVVEFXai9kenV0U202VEx3Z3lpSmJQRzluaW96SVBVCktuUTY0K3dMci96RE90RGtQcWdKUm1OZlNLejRUS2lrdVhmb3ZGMVZOVllRS0VBaEw0T3duTlVzb0pTcnFsYzUKdUs1dEsyRlQyTnBzQXhyaUtJN1FtZHZiN2ZrcVhLZVhJMHdkRUh3eHFxUGhpMFU5aXJFYzkxcHRDYVpjYVltMwpaQ2drWHZETGZOZXl0UWg2c0NMSk1qTG5PTnBuZzFGVzliWkVCZnBGU1U0L0ZTRFRxUTRnU3JmL0VLbnAzMzJkCmdzSWZHdWVoQzI2RDdKWllaWUF2SENtTmJzUzU0a2VVYitxdU55dG1UeTVaZVFJREFRQUJveU13SVRBT0JnTlYKSFE4QkFmOEVCQU1DQWdRd0R3WURWUjBUQVFIL0JBVXdBd0VCL3pBTkJna3Foa2lHOXcwQkFRc0ZBQU9DQVFFQQpXVmJpZmFhWUI5QzVYQkpjNXZPbDZFbHJIUVJscVMxN3ZGUEUxb2VsQUFlYllhdXJVd1k4dGNTNVkwREthMk42CmhkdFhxdG1jclk3bXg4eEdTL0JIRFFXUmZta1pEMTR0UUNoTUZDQ0YxU2RqMzE5RmtPZllqUFBXeEpGRURqbWgKNnEzMU9KbWgxWnA0VGRsWUR3cUZtRnNOZktSaktrQTB0VWxuVXovd01hdU9RaVpEQ1RxdGdvTGVkMGFpcUU1SApEaXdJZGhrVDFRTkR4TlQrdVJHZ1cyekxOK2VHUGhBV3lPcGxVQWdyNllaN1pMOGROQnNsckcrcUpuU0pKMkJOCnVwa290NEFXUmNRajlyK3l2YmN4RTUzRTk0UUN1VW1NTWRyeU5DR05rSzdIZG1ydjhyekNqQ1R5bDZjTzkvZWkKYXhMR0N0L0N5WG5oeE1IWGZteVhYUT09Ci0tLS0tRU5EIENFUlRJRklDQVRFLS0tLS0K",
                "password": "",
                "username": ""
              }
            ],
            "master_authorized_networks_config": [],
            "master_version": "1.14.10-gke.27",
            "min_master_version": null,
            "monitoring_service": "monitoring.googleapis.com/kubernetes",
            "name": "awesome-k8s-cluster",
            "network": "projects/docker-266910/global/networks/default",
            "network_policy": [
              {
                "enabled": false,
                "provider": "PROVIDER_UNSPECIFIED"
              }
            ],
            "node_config": [],
            "node_locations": [],
            "node_pool": [],
            "node_version": "1.14.10-gke.27",
            "operation": null,
            "pod_security_policy_config": null,
            "private_cluster_config": [],
            "project": "docker-266910",
            "region": null,
            "remove_default_node_pool": true,
            "resource_labels": null,
            "services_ipv4_cidr": "10.7.240.0/20",
            "subnetwork": "projects/docker-266910/regions/us-central1/subnetworks/default",
            "timeouts": null,
            "vertical_pod_autoscaling": [],
            "zone": null
          },
          "private": "eyJlMmJmYjczMC1lY2FhLTExZTYtOGY4OC0zNDM2M2JjN2M0YzAiOnsiY3JlYXRlIjoyNDAwMDAwMDAwMDAwLCJkZWxldGUiOjI0MDAwMDAwMDAwMDAsInVwZGF0ZSI6MzYwMDAwMDAwMDAwMH0sInNjaGVtYV92ZXJzaW9uIjoiMSJ9"
        }
      ]
    },
    {
      "mode": "managed",
      "type": "google_container_node_pool",
      "name": "awesome-k8s-nodes",
      "provider": "provider.google",
      "instances": [
        {
          "schema_version": 1,
          "attributes": {
            "autoscaling": [],
            "cluster": "awesome-k8s-cluster",
            "id": "projects/docker-266910/locations/us-central1-c/clusters/awesome-k8s-cluster/nodePools/awesome-k8s-node-pool",
            "initial_node_count": 4,
            "instance_group_urls": [
              "https://www.googleapis.com/compute/v1/projects/docker-266910/zones/us-central1-c/instanceGroupManagers/gke-awesome-k8s-clus-awesome-k8s-node-a8904ccf-grp"
            ],
            "location": "us-central1-c",
            "management": [
              {
                "auto_repair": false,
                "auto_upgrade": true
              }
            ],
            "max_pods_per_node": null,
            "name": "awesome-k8s-node-pool",
            "name_prefix": "",
            "node_config": [
              {
                "disk_size_gb": 20,
                "disk_type": "pd-standard",
                "guest_accelerator": [],
                "image_type": "COS",
                "labels": {},
                "local_ssd_count": 0,
                "machine_type": "n1-standard-1",
                "metadata": {
                  "disable-legacy-endpoints": "true"
                },
                "min_cpu_platform": "",
                "oauth_scopes": [
                  "https://www.googleapis.com/auth/logging.write",
                  "https://www.googleapis.com/auth/monitoring"
                ],
                "preemptible": true,
                "sandbox_config": [],
                "service_account": "default",
                "shielded_instance_config": [
                  {
                    "enable_integrity_monitoring": true,
                    "enable_secure_boot": false
                  }
                ],
                "tags": null,
                "taint": [],
                "workload_metadata_config": []
              }
            ],
            "node_count": 4,
            "project": "docker-266910",
            "region": null,
            "timeouts": null,
            "upgrade_settings": null,
            "version": "1.14.10-gke.27",
            "zone": null
          },
          "private": "eyJlMmJmYjczMC1lY2FhLTExZTYtOGY4OC0zNDM2M2JjN2M0YzAiOnsiY3JlYXRlIjoxODAwMDAwMDAwMDAwLCJkZWxldGUiOjE4MDAwMDAwMDAwMDAsInVwZGF0ZSI6MTgwMDAwMDAwMDAwMH0sInNjaGVtYV92ZXJzaW9uIjoiMSJ9",
          "dependencies": [
            "google_container_cluster.awesome-k8s-cluster"
          ]
        }
      ]
    }
  ]
}
