{
  "version": 4,
  "terraform_version": "0.12.24",
  "serial": 12,
  "lineage": "6ace3245-b82f-729b-92f9-855962d24c97",
  "outputs": {},
  "resources": [
    {
      "mode": "managed",
      "type": "google_container_cluster",
      "name": "awesome-k8s-cluster",
      "provider": "provider.google",
      "instances": [
        {
          "schema_version": 1,
          "attributes": {
            "additional_zones": [],
            "addons_config": [
              {
                "horizontal_pod_autoscaling": [],
                "http_load_balancing": [],
                "kubernetes_dashboard": [],
                "network_policy_config": [
                  {
                    "disabled": true
                  }
                ]
              }
            ],
            "authenticator_groups_config": [],
            "cluster_autoscaling": [
              {
                "auto_provisioning_defaults": [],
                "enabled": false,
                "resource_limits": []
              }
            ],
            "cluster_ipv4_cidr": "10.4.0.0/14",
            "default_max_pods_per_node": 110,
            "description": "",
            "enable_binary_authorization": false,
            "enable_intranode_visibility": null,
            "enable_kubernetes_alpha": false,
            "enable_legacy_abac": false,
            "enable_tpu": null,
            "endpoint": "35.193.63.236",
            "id": "projects/docker-266910/locations/us-central1-c/clusters/awesome-k8s-cluster",
            "initial_node_count": 1,
            "instance_group_urls": [],
            "ip_allocation_policy": [],
            "label_fingerprint": "a9dc16a7",
            "location": "us-central1-c",
            "logging_service": "logging.googleapis.com/kubernetes",
            "maintenance_policy": [],
            "master_auth": [
              {
                "client_certificate": "",
                "client_certificate_config": [
                  {
                    "issue_client_certificate": false
                  }
                ],
                "client_key": "",
                "cluster_ca_certificate": "LS0tLS1CRUdJTiBDRVJUSUZJQ0FURS0tLS0tCk1JSURDekNDQWZPZ0F3SUJBZ0lRYkptQkNaTUVEb2JKVU1qZGJSOWd1REFOQmdrcWhraUc5dzBCQVFzRkFEQXYKTVMwd0t3WURWUVFERXlRNFptSTNNelJpTXkxaE1UQXhMVFJsWVdNdE9URTVPUzA0TUdZM05USTFOREk0TVRBdwpIaGNOTWpBd05ERTBNVE0xT1RVd1doY05NalV3TkRFek1UUTFPVFV3V2pBdk1TMHdLd1lEVlFRREV5UTRabUkzCk16UmlNeTFoTVRBeExUUmxZV010T1RFNU9TMDRNR1kzTlRJMU5ESTRNVEF3Z2dFaU1BMEdDU3FHU0liM0RRRUIKQVFVQUE0SUJEd0F3Z2dFS0FvSUJBUUNkZC9yRU1XUms1aUd0eGhsQ3k3R04xa3Y5bmMyajEwSy8zV2dMNC9hdwp5S0VQYlhkZlVWWjdKYzgwZjRkbHRBNDRGMkY0V3ZRNDFFUFB2U0lyQ0pISGhKdzRNOTVPTHV6Y2ZMMUJCRXNHCjBDYSt5ZitqYlJIcnVhSmwxOHlwSXowSndRL2pLZzJQUkFuNkF4QzJuNEtEYmhTa0hpVk5uZStiYmR3ZnR2bXEKZ3JucStROTlpajlicmc1T00rZFVnNEhSK1FQWkgvSWlUQkgxbk9sOTZtaTR3b212UUw1eWFTdCtRZnZCOFR1NQpjWE9FdFh1Q1dCSzJmcE9LS1YzUTdyc3lTSHhzdEQ4elcya2RSdUJGMlo0Wm0wUStsQk1CcEdJT3AzNnFNSjZLCjF0U3NUczgyNktqdEVhdlhuWC9DSzBEd1dGcUtJY2IvVlZzbmhMUXZMU29wQWdNQkFBR2pJekFoTUE0R0ExVWQKRHdFQi93UUVBd0lDQkRBUEJnTlZIUk1CQWY4RUJUQURBUUgvTUEwR0NTcUdTSWIzRFFFQkN3VUFBNElCQVFCQwo0MDBXRDc4ZGp0b0ZGQTBUY1RUWXB6QlNaVG40WmlTUzFSa0lXOTFUa2gvV3FMSlVyM0FoR0l4YWlmcUZUZ2cxCnd0M2k3WUpMaDJnZi9udG1LY3NqaGJ2SjN0aHhpVEpqOC9nanNUVG8ranhwNjJrdWZrZGpyL1grMEdZZnJjQW0KamxHOWRJV0VUYmRKRHZGSGxSWXcwWTAzeDF2eW1zbFZQTVBjNjJnR0VRL0orRlRoazBkem0zNWtiQS9hUGNhNgplaGFLUHdRalQ5OXRVdmhlc3hTdHU4RW9rL0h1UFY3YnVXaExIL0hHZzBOb0hKSXdGNmREN0k1Ly9ySG5vSWtnCnpjdkl5RnlQUFd6VFpreEFvb0xJQWdKbDNCcUtKWlZxdU9vQ2ZTa053V1U5L3lwTkpvM1lOck1BRHRubUkvMHcKNDBCVTVpOGU0Q1lndUdVU0Z2VFMKLS0tLS1FTkQgQ0VSVElGSUNBVEUtLS0tLQo=",
                "password": "",
                "username": ""
              }
            ],
            "master_authorized_networks_config": [],
            "master_version": "1.14.10-gke.27",
            "min_master_version": null,
            "monitoring_service": "monitoring.googleapis.com/kubernetes",
            "name": "awesome-k8s-cluster",
            "network": "projects/docker-266910/global/networks/default",
            "network_policy": [
              {
                "enabled": false,
                "provider": "PROVIDER_UNSPECIFIED"
              }
            ],
            "node_config": [],
            "node_locations": [],
            "node_pool": [],
            "node_version": "1.14.10-gke.27",
            "operation": null,
            "pod_security_policy_config": null,
            "private_cluster_config": [],
            "project": "docker-266910",
            "region": null,
            "remove_default_node_pool": true,
            "resource_labels": null,
            "services_ipv4_cidr": "10.7.240.0/20",
            "subnetwork": "projects/docker-266910/regions/us-central1/subnetworks/default",
            "timeouts": null,
            "vertical_pod_autoscaling": [],
            "zone": null
          },
          "private": "eyJlMmJmYjczMC1lY2FhLTExZTYtOGY4OC0zNDM2M2JjN2M0YzAiOnsiY3JlYXRlIjoyNDAwMDAwMDAwMDAwLCJkZWxldGUiOjI0MDAwMDAwMDAwMDAsInVwZGF0ZSI6MzYwMDAwMDAwMDAwMH0sInNjaGVtYV92ZXJzaW9uIjoiMSJ9"
        }
      ]
    },
    {
      "mode": "managed",
      "type": "google_container_node_pool",
      "name": "awesome-k8s-nodes",
      "provider": "provider.google",
      "instances": [
        {
          "schema_version": 1,
          "attributes": {
            "autoscaling": [],
            "cluster": "awesome-k8s-cluster",
            "id": "projects/docker-266910/locations/us-central1-c/clusters/awesome-k8s-cluster/nodePools/awesome-k8s-node-pool",
            "initial_node_count": 3,
            "instance_group_urls": [
              "https://www.googleapis.com/compute/v1/projects/docker-266910/zones/us-central1-c/instanceGroupManagers/gke-awesome-k8s-clus-awesome-k8s-node-d509e334-grp"
            ],
            "location": "us-central1-c",
            "management": [
              {
                "auto_repair": false,
                "auto_upgrade": true
              }
            ],
            "max_pods_per_node": null,
            "name": "awesome-k8s-node-pool",
            "name_prefix": "",
            "node_config": [
              {
                "disk_size_gb": 20,
                "disk_type": "pd-standard",
                "guest_accelerator": [],
                "image_type": "COS",
                "labels": {},
                "local_ssd_count": 0,
                "machine_type": "n1-standard-1",
                "metadata": {
                  "disable-legacy-endpoints": "true"
                },
                "min_cpu_platform": "",
                "oauth_scopes": [
                  "https://www.googleapis.com/auth/logging.write",
                  "https://www.googleapis.com/auth/monitoring"
                ],
                "preemptible": true,
                "sandbox_config": [],
                "service_account": "default",
                "shielded_instance_config": [
                  {
                    "enable_integrity_monitoring": true,
                    "enable_secure_boot": false
                  }
                ],
                "tags": null,
                "taint": [],
                "workload_metadata_config": []
              }
            ],
            "node_count": 3,
            "project": "docker-266910",
            "region": null,
            "timeouts": null,
            "upgrade_settings": null,
            "version": "1.14.10-gke.27",
            "zone": null
          },
          "private": "eyJlMmJmYjczMC1lY2FhLTExZTYtOGY4OC0zNDM2M2JjN2M0YzAiOnsiY3JlYXRlIjoxODAwMDAwMDAwMDAwLCJkZWxldGUiOjE4MDAwMDAwMDAwMDAsInVwZGF0ZSI6MTgwMDAwMDAwMDAwMH0sInNjaGVtYV92ZXJzaW9uIjoiMSJ9",
          "dependencies": [
            "google_container_cluster.awesome-k8s-cluster"
          ]
        }
      ]
    }
  ]
}
