{
  "version": 4,
  "terraform_version": "0.12.24",
  "serial": 15,
  "lineage": "5ecf1450-6c90-e6a9-f33a-ecb318393933",
  "outputs": {
    "gke_client_certificate": {
      "value": "",
      "type": "string"
    },
    "gke_client_key": {
      "value": "",
      "type": "string"
    },
    "gke_cluster_ca_certificate": {
      "value": "-----BEGIN CERTIFICATE-----\nMIIDCzCCAfOgAwIBAgIQU+IAMgSqZAcDCeIO9+XMBDANBgkqhkiG9w0BAQsFADAv\nMS0wKwYDVQQDEyQ2YzUxNDFjOS00MmIxLTRiYzItYWIxYy03NTE3ZWQ2MDA0OGMw\nHhcNMjAwNDA5MTQwOTUwWhcNMjUwNDA4MTUwOTUwWjAvMS0wKwYDVQQDEyQ2YzUx\nNDFjOS00MmIxLTRiYzItYWIxYy03NTE3ZWQ2MDA0OGMwggEiMA0GCSqGSIb3DQEB\nAQUAA4IBDwAwggEKAoIBAQDJuyX8kqmWrjT1flWIX8B/vWjMhGFqSR/qSvc/ymbg\nFZ2qdwt9wIXiF1NUyVmPrOk7la4Ek6EmZDx/89ldYJ24w7rcufAkAXJCEW2TLaY9\nhzvhmVHI0nYg4DYANPFVapUXNcRDG40t2qxrjIwXiPw36PzYtAuaS2msJ8wy3O0b\nmpUFg8AXPh8gqyn05XUEWlpfLpQYKp2PemI0m3W9ylcDjMk1FoLzdkMr/3+Yt76a\nVKcthpb1QXKa1WxrCQwE2rYndb9beYJPQGZUrSnLcej/+rudRB0lRktPsqBYuTMo\nUCKSnyeaL1mJzaJ361O8Yek8tQe6todxkHjRZRTW9cj7AgMBAAGjIzAhMA4GA1Ud\nDwEB/wQEAwICBDAPBgNVHRMBAf8EBTADAQH/MA0GCSqGSIb3DQEBCwUAA4IBAQCL\ngE7tmtKPT0/0h91AWk8ZI93Y70GLvXWjcUnkROnCzndVywcU384gz/gy8owcVa9F\nHDuOH55NkOEn5vjkwc+va9r6KeDRoekzm8ph0YkhqGtpadrXRVZMIoq9fZdoqDgz\n56qXFvl13m884uttyBPUVYiVr1kRYMKg/1pVTsCBY+5kie9vHBRP3Rbu44DN8HNT\nO+KsYvtWuamKnvylk2RIfRXmHK9HGEIioH01dWnwprVP3KUTu7nut7nWjQliyUVU\nsx0fKi07G0sbQzrtZ7ySJOa7CcTKkHiSfjJEXx7+ICpctKsrR3T5Z0kB1DShiKzn\nOVS3NWYlSXW5UU1srtL5\n-----END CERTIFICATE-----\n",
      "type": "string"
    },
    "gke_host": {
      "value": "https://35.223.117.86",
      "type": "string"
    },
    "gke_password": {
      "value": "",
      "type": "string"
    },
    "gke_username": {
      "value": "",
      "type": "string"
    }
  },
  "resources": [
    {
      "mode": "managed",
      "type": "google_container_cluster",
      "name": "awesome-k8s-cluster",
      "provider": "provider.google",
      "instances": [
        {
          "schema_version": 1,
          "attributes": {
            "additional_zones": [],
            "addons_config": [
              {
                "horizontal_pod_autoscaling": [],
                "http_load_balancing": [],
                "kubernetes_dashboard": [],
                "network_policy_config": [
                  {
                    "disabled": true
                  }
                ]
              }
            ],
            "authenticator_groups_config": [],
            "cluster_autoscaling": [
              {
                "auto_provisioning_defaults": [],
                "enabled": false,
                "resource_limits": []
              }
            ],
            "cluster_ipv4_cidr": "10.4.0.0/14",
            "default_max_pods_per_node": 110,
            "description": "",
            "enable_binary_authorization": false,
            "enable_intranode_visibility": null,
            "enable_kubernetes_alpha": false,
            "enable_legacy_abac": false,
            "enable_tpu": null,
            "endpoint": "35.223.117.86",
            "id": "projects/docker-266910/locations/us-central1-c/clusters/awesome-k8s-cluster",
            "initial_node_count": 1,
            "instance_group_urls": [
              "https://www.googleapis.com/compute/v1/projects/docker-266910/zones/us-central1-c/instanceGroups/gke-awesome-k8s-clus-awesome-k8s-node-7a5230f2-grp"
            ],
            "ip_allocation_policy": [],
            "label_fingerprint": "a9dc16a7",
            "location": "us-central1-c",
            "logging_service": "logging.googleapis.com/kubernetes",
            "maintenance_policy": [],
            "master_auth": [
              {
                "client_certificate": "",
                "client_certificate_config": [
                  {
                    "issue_client_certificate": false
                  }
                ],
                "client_key": "",
                "cluster_ca_certificate": "LS0tLS1CRUdJTiBDRVJUSUZJQ0FURS0tLS0tCk1JSURDekNDQWZPZ0F3SUJBZ0lRVStJQU1nU3FaQWNEQ2VJTzkrWE1CREFOQmdrcWhraUc5dzBCQVFzRkFEQXYKTVMwd0t3WURWUVFERXlRMll6VXhOREZqT1MwME1tSXhMVFJpWXpJdFlXSXhZeTAzTlRFM1pXUTJNREEwT0dNdwpIaGNOTWpBd05EQTVNVFF3T1RVd1doY05NalV3TkRBNE1UVXdPVFV3V2pBdk1TMHdLd1lEVlFRREV5UTJZelV4Ck5ERmpPUzAwTW1JeExUUmlZekl0WVdJeFl5MDNOVEUzWldRMk1EQTBPR013Z2dFaU1BMEdDU3FHU0liM0RRRUIKQVFVQUE0SUJEd0F3Z2dFS0FvSUJBUURKdXlYOGtxbVdyalQxZmxXSVg4Qi92V2pNaEdGcVNSL3FTdmMveW1iZwpGWjJxZHd0OXdJWGlGMU5VeVZtUHJPazdsYTRFazZFbVpEeC84OWxkWUoyNHc3cmN1ZkFrQVhKQ0VXMlRMYVk5Cmh6dmhtVkhJMG5ZZzREWUFOUEZWYXBVWE5jUkRHNDB0MnF4cmpJd1hpUHczNlB6WXRBdWFTMm1zSjh3eTNPMGIKbXBVRmc4QVhQaDhncXluMDVYVUVXbHBmTHBRWUtwMlBlbUkwbTNXOXlsY0RqTWsxRm9MemRrTXIvMytZdDc2YQpWS2N0aHBiMVFYS2ExV3hyQ1F3RTJyWW5kYjliZVlKUFFHWlVyU25MY2VqLytydWRSQjBsUmt0UHNxQll1VE1vClVDS1NueWVhTDFtSnphSjM2MU84WWVrOHRRZTZ0b2R4a0hqUlpSVFc5Y2o3QWdNQkFBR2pJekFoTUE0R0ExVWQKRHdFQi93UUVBd0lDQkRBUEJnTlZIUk1CQWY4RUJUQURBUUgvTUEwR0NTcUdTSWIzRFFFQkN3VUFBNElCQVFDTApnRTd0bXRLUFQwLzBoOTFBV2s4Wkk5M1k3MEdMdlhXamNVbmtST25Dem5kVnl3Y1UzODRnei9neThvd2NWYTlGCkhEdU9INTVOa09FbjV2amt3Yyt2YTlyNktlRFJvZWt6bThwaDBZa2hxR3RwYWRyWFJWWk1Jb3E5Zlpkb3FEZ3oKNTZxWEZ2bDEzbTg4NHV0dHlCUFVWWWlWcjFrUllNS2cvMXBWVHNDQlkrNWtpZTl2SEJSUDNSYnU0NEROOEhOVApPK0tzWXZ0V3VhbUtudnlsazJSSWZSWG1ISzlIR0VJaW9IMDFkV253cHJWUDNLVVR1N251dDduV2pRbGl5VVZVCnN4MGZLaTA3RzBzYlF6cnRaN3lTSk9hN0NjVEtrSGlTZmpKRVh4NytJQ3BjdEtzclIzVDVaMGtCMURTaGlLem4KT1ZTM05XWWxTWFc1VVUxc3J0TDUKLS0tLS1FTkQgQ0VSVElGSUNBVEUtLS0tLQo=",
                "password": "",
                "username": ""
              }
            ],
            "master_authorized_networks_config": [],
            "master_version": "1.14.10-gke.27",
            "min_master_version": null,
            "monitoring_service": "monitoring.googleapis.com/kubernetes",
            "name": "awesome-k8s-cluster",
            "network": "projects/docker-266910/global/networks/default",
            "network_policy": [
              {
                "enabled": false,
                "provider": "PROVIDER_UNSPECIFIED"
              }
            ],
            "node_config": [
              {
                "disk_size_gb": 20,
                "disk_type": "pd-standard",
                "guest_accelerator": [],
                "image_type": "COS",
                "labels": {},
                "local_ssd_count": 0,
                "machine_type": "n1-standard-1",
                "metadata": {
                  "disable-legacy-endpoints": "true"
                },
                "min_cpu_platform": "",
                "oauth_scopes": [
                  "https://www.googleapis.com/auth/logging.write",
                  "https://www.googleapis.com/auth/monitoring"
                ],
                "preemptible": true,
                "sandbox_config": [],
                "service_account": "default",
                "shielded_instance_config": [
                  {
                    "enable_integrity_monitoring": true,
                    "enable_secure_boot": false
                  }
                ],
                "tags": [],
                "taint": [],
                "workload_metadata_config": []
              }
            ],
            "node_locations": [],
            "node_pool": [
              {
                "autoscaling": [],
                "initial_node_count": 4,
                "instance_group_urls": [
                  "https://www.googleapis.com/compute/v1/projects/docker-266910/zones/us-central1-c/instanceGroupManagers/gke-awesome-k8s-clus-awesome-k8s-node-7a5230f2-grp"
                ],
                "management": [
                  {
                    "auto_repair": false,
                    "auto_upgrade": true
                  }
                ],
                "max_pods_per_node": 0,
                "name": "awesome-k8s-node-pool",
                "name_prefix": "",
                "node_config": [
                  {
                    "disk_size_gb": 20,
                    "disk_type": "pd-standard",
                    "guest_accelerator": [],
                    "image_type": "COS",
                    "labels": {},
                    "local_ssd_count": 0,
                    "machine_type": "n1-standard-1",
                    "metadata": {
                      "disable-legacy-endpoints": "true"
                    },
                    "min_cpu_platform": "",
                    "oauth_scopes": [
                      "https://www.googleapis.com/auth/logging.write",
                      "https://www.googleapis.com/auth/monitoring"
                    ],
                    "preemptible": true,
                    "sandbox_config": [],
                    "service_account": "default",
                    "shielded_instance_config": [
                      {
                        "enable_integrity_monitoring": true,
                        "enable_secure_boot": false
                      }
                    ],
                    "tags": [],
                    "taint": [],
                    "workload_metadata_config": []
                  }
                ],
                "node_count": 4,
                "upgrade_settings": [],
                "version": "1.14.10-gke.27"
              }
            ],
            "node_version": "1.14.10-gke.27",
            "operation": null,
            "pod_security_policy_config": [],
            "private_cluster_config": [],
            "project": "docker-266910",
            "region": null,
            "remove_default_node_pool": true,
            "resource_labels": {},
            "services_ipv4_cidr": "10.7.240.0/20",
            "subnetwork": "projects/docker-266910/regions/us-central1/subnetworks/default",
            "timeouts": null,
            "vertical_pod_autoscaling": [],
            "zone": null
          },
          "private": "eyJlMmJmYjczMC1lY2FhLTExZTYtOGY4OC0zNDM2M2JjN2M0YzAiOnsiY3JlYXRlIjoyNDAwMDAwMDAwMDAwLCJkZWxldGUiOjI0MDAwMDAwMDAwMDAsInVwZGF0ZSI6MzYwMDAwMDAwMDAwMH0sInNjaGVtYV92ZXJzaW9uIjoiMSJ9"
        }
      ]
    },
    {
      "mode": "managed",
      "type": "google_container_node_pool",
      "name": "awesome-k8s-nodes",
      "provider": "provider.google",
      "instances": [
        {
          "schema_version": 1,
          "attributes": {
            "autoscaling": [],
            "cluster": "awesome-k8s-cluster",
            "id": "projects/docker-266910/locations/us-central1-c/clusters/awesome-k8s-cluster/nodePools/awesome-k8s-node-pool",
            "initial_node_count": 4,
            "instance_group_urls": [
              "https://www.googleapis.com/compute/v1/projects/docker-266910/zones/us-central1-c/instanceGroupManagers/gke-awesome-k8s-clus-awesome-k8s-node-7a5230f2-grp"
            ],
            "location": "us-central1-c",
            "management": [
              {
                "auto_repair": false,
                "auto_upgrade": true
              }
            ],
            "max_pods_per_node": null,
            "name": "awesome-k8s-node-pool",
            "name_prefix": "",
            "node_config": [
              {
                "disk_size_gb": 20,
                "disk_type": "pd-standard",
                "guest_accelerator": [],
                "image_type": "COS",
                "labels": {},
                "local_ssd_count": 0,
                "machine_type": "n1-standard-1",
                "metadata": {
                  "disable-legacy-endpoints": "true"
                },
                "min_cpu_platform": "",
                "oauth_scopes": [
                  "https://www.googleapis.com/auth/logging.write",
                  "https://www.googleapis.com/auth/monitoring"
                ],
                "preemptible": true,
                "sandbox_config": [],
                "service_account": "default",
                "shielded_instance_config": [
                  {
                    "enable_integrity_monitoring": true,
                    "enable_secure_boot": false
                  }
                ],
                "tags": [],
                "taint": [],
                "workload_metadata_config": []
              }
            ],
            "node_count": 4,
            "project": "docker-266910",
            "region": null,
            "timeouts": null,
            "upgrade_settings": [],
            "version": "1.14.10-gke.27",
            "zone": null
          },
          "private": "eyJlMmJmYjczMC1lY2FhLTExZTYtOGY4OC0zNDM2M2JjN2M0YzAiOnsiY3JlYXRlIjoxODAwMDAwMDAwMDAwLCJkZWxldGUiOjE4MDAwMDAwMDAwMDAsInVwZGF0ZSI6MTgwMDAwMDAwMDAwMH0sInNjaGVtYV92ZXJzaW9uIjoiMSJ9",
          "dependencies": [
            "google_container_cluster.awesome-k8s-cluster"
          ]
        }
      ]
    },
    {
      "mode": "managed",
      "type": "kubernetes_namespace",
      "name": "prod",
      "provider": "provider.kubernetes",
      "instances": [
        {
          "schema_version": 0,
          "attributes": {
            "id": "metadata-prod-namespace",
            "metadata": [
              {
                "annotations": null,
                "generate_name": "",
                "generation": 0,
                "labels": null,
                "name": "metadata-prod-namespace",
                "resource_version": "13007",
                "self_link": "/api/v1/namespaces/metadata-prod-namespace",
                "uid": "89a539a5-7a7c-11ea-ac4a-42010a800009"
              }
            ],
            "timeouts": null
          },
          "private": "eyJlMmJmYjczMC1lY2FhLTExZTYtOGY4OC0zNDM2M2JjN2M0YzAiOnsiZGVsZXRlIjozMDAwMDAwMDAwMDB9fQ==",
          "dependencies": [
            "google_container_cluster.awesome-k8s-cluster"
          ]
        }
      ]
    }
  ]
}
