{
  "version": 4,
  "terraform_version": "0.12.24",
  "serial": 5,
  "lineage": "5ecf1450-6c90-e6a9-f33a-ecb318393933",
  "outputs": {},
  "resources": [
    {
      "mode": "managed",
      "type": "google_container_cluster",
      "name": "awesome-k8s-cluster",
      "provider": "provider.google",
      "instances": [
        {
          "schema_version": 1,
          "attributes": {
            "additional_zones": [],
            "addons_config": [
              {
                "horizontal_pod_autoscaling": [],
                "http_load_balancing": [],
                "kubernetes_dashboard": [],
                "network_policy_config": [
                  {
                    "disabled": true
                  }
                ]
              }
            ],
            "authenticator_groups_config": [],
            "cluster_autoscaling": [
              {
                "auto_provisioning_defaults": [],
                "enabled": false,
                "resource_limits": []
              }
            ],
            "cluster_ipv4_cidr": "10.4.0.0/14",
            "default_max_pods_per_node": 110,
            "description": "",
            "enable_binary_authorization": false,
            "enable_intranode_visibility": null,
            "enable_kubernetes_alpha": false,
            "enable_legacy_abac": false,
            "enable_tpu": null,
            "endpoint": "34.68.65.45",
            "id": "projects/docker-266910/locations/us-central1-c/clusters/awesome-k8s-cluster",
            "initial_node_count": 1,
            "instance_group_urls": [],
            "ip_allocation_policy": [],
            "label_fingerprint": "a9dc16a7",
            "location": "us-central1-c",
            "logging_service": "logging.googleapis.com/kubernetes",
            "maintenance_policy": [],
            "master_auth": [
              {
                "client_certificate": "",
                "client_certificate_config": [
                  {
                    "issue_client_certificate": false
                  }
                ],
                "client_key": "",
                "cluster_ca_certificate": "LS0tLS1CRUdJTiBDRVJUSUZJQ0FURS0tLS0tCk1JSURERENDQWZTZ0F3SUJBZ0lSQUlqTTVhdnQ1ZGc3alYzeEwvUTB4bjh3RFFZSktvWklodmNOQVFFTEJRQXcKTHpFdE1Dc0dBMVVFQXhNa01qbGxOakptTWpBdE9UUmtaaTAwWkRGbExUZzNNREF0WmpKbU1tSTFNbUkxT0RsbApNQjRYRFRJd01EUXdOekUyTlRrek1Gb1hEVEkxTURRd05qRTNOVGt6TUZvd0x6RXRNQ3NHQTFVRUF4TWtNamxsCk5qSm1NakF0T1RSa1ppMDBaREZsTFRnM01EQXRaakptTW1JMU1tSTFPRGxsTUlJQklqQU5CZ2txaGtpRzl3MEIKQVFFRkFBT0NBUThBTUlJQkNnS0NBUUVBdkZLRDlqaG1FQXZiL0JnS1hqNFJHSUFhSXFJT3EvV2N3V2FtLzhPOQorN1NGb3cxT3Z5RmtpUG1adU1XVTZ1aHU4RmtKZVdmOEJKZmhWTks5YUVERHNnNFduM0ExaCsvQWlIdVVZM3VCCnlpY3dwdkJjSlhuSEFzVURRTStEeVI0MzU2b3lpUjIwbVNPVjJISEJ1Sk85S0p5Rlcwa1ROeE1pamp3MENCc0kKMG9Wa2JueE92bG9tNnZqZHQwcHFINU8zU0NyVS9vUW9qK1VxNzhQT0M3VGp6Zi95K1JvUnZpUGlMR3l3YnNTVwpBVzExWkpPbWVXelRFeGpIbHppNUdhbHJMRW1YRFBYZ1NJY2xLM1FyUFN4Y2h6OGpjRHJaNHJ3NndtaDUxQ1luCkE0OThxenlaOFgwb0tVUGw5ZVBPSGZUL0xiVGp2WTR3SnI1ZWRsQ2s2RnAwOXdJREFRQUJveU13SVRBT0JnTlYKSFE4QkFmOEVCQU1DQWdRd0R3WURWUjBUQVFIL0JBVXdBd0VCL3pBTkJna3Foa2lHOXcwQkFRc0ZBQU9DQVFFQQpjR0ZXQnk5UzcxU2VNUXdCdCswZGV5QTVNMjY1Mm1aS1NtTnM2TjFraEFTcHFORlY4RkF5b24xY2swVWoycWZ3CmVsVG80eTc3cHNwQ0RYdkZyYlA5WVMwT0srN2tlUGlya1JYdXA3UmwrR0xGK1RYMzhSSmpOVWhLTXJJbHVEb0kKUU1nSU8wN1RMWXZlT2ZjQ0hDc25TR1JIaHNGeFFZWU5hY3pDUk5VaUZ3emI3cjd3eGFCSEpsUmg0WHNodWhHaQovSGJab2ZVVjhueUFkUndSeWltWmt5bWdrb2xVaVhPSUxEd0pEd01ibWo0Tm5ESG9xK2hhb1pFZFVIVVRKcnM4CkhuVXl5eUptSlZRSzNUSDJYQy9NQ1VuSkxYNDFLZXlqanFneDduc1VSTlhjTG9HemxvalNpb2N5aEZpN0ZDcU0KQmZ0bWp2RXErVldWV0ZBV0oxa2VpZz09Ci0tLS0tRU5EIENFUlRJRklDQVRFLS0tLS0K",
                "password": "",
                "username": ""
              }
            ],
            "master_authorized_networks_config": [],
            "master_version": "1.14.10-gke.27",
            "min_master_version": null,
            "monitoring_service": "monitoring.googleapis.com/kubernetes",
            "name": "awesome-k8s-cluster",
            "network": "projects/docker-266910/global/networks/default",
            "network_policy": [
              {
                "enabled": false,
                "provider": "PROVIDER_UNSPECIFIED"
              }
            ],
            "node_config": [],
            "node_locations": [],
            "node_pool": [],
            "node_version": "1.14.10-gke.27",
            "operation": null,
            "pod_security_policy_config": null,
            "private_cluster_config": [],
            "project": "docker-266910",
            "region": null,
            "remove_default_node_pool": true,
            "resource_labels": null,
            "services_ipv4_cidr": "10.7.240.0/20",
            "subnetwork": "projects/docker-266910/regions/us-central1/subnetworks/default",
            "timeouts": null,
            "vertical_pod_autoscaling": [],
            "zone": null
          },
          "private": "eyJlMmJmYjczMC1lY2FhLTExZTYtOGY4OC0zNDM2M2JjN2M0YzAiOnsiY3JlYXRlIjoyNDAwMDAwMDAwMDAwLCJkZWxldGUiOjI0MDAwMDAwMDAwMDAsInVwZGF0ZSI6MzYwMDAwMDAwMDAwMH0sInNjaGVtYV92ZXJzaW9uIjoiMSJ9"
        }
      ]
    },
    {
      "mode": "managed",
      "type": "google_container_node_pool",
      "name": "awesome-k8s-nodes",
      "provider": "provider.google",
      "instances": [
        {
          "schema_version": 1,
          "attributes": {
            "autoscaling": [],
            "cluster": "awesome-k8s-cluster",
            "id": "projects/docker-266910/locations/us-central1-c/clusters/awesome-k8s-cluster/nodePools/awesome-k8s-node-pool",
            "initial_node_count": 3,
            "instance_group_urls": [
              "https://www.googleapis.com/compute/v1/projects/docker-266910/zones/us-central1-c/instanceGroupManagers/gke-awesome-k8s-clus-awesome-k8s-node-e53ee7ba-grp"
            ],
            "location": "us-central1-c",
            "management": [
              {
                "auto_repair": false,
                "auto_upgrade": true
              }
            ],
            "max_pods_per_node": null,
            "name": "awesome-k8s-node-pool",
            "name_prefix": "",
            "node_config": [
              {
                "disk_size_gb": 20,
                "disk_type": "pd-standard",
                "guest_accelerator": [],
                "image_type": "COS",
                "labels": {},
                "local_ssd_count": 0,
                "machine_type": "n1-standard-1",
                "metadata": {
                  "disable-legacy-endpoints": "true"
                },
                "min_cpu_platform": "",
                "oauth_scopes": [
                  "https://www.googleapis.com/auth/logging.write",
                  "https://www.googleapis.com/auth/monitoring"
                ],
                "preemptible": true,
                "sandbox_config": [],
                "service_account": "default",
                "shielded_instance_config": [
                  {
                    "enable_integrity_monitoring": true,
                    "enable_secure_boot": false
                  }
                ],
                "tags": null,
                "taint": [],
                "workload_metadata_config": []
              }
            ],
            "node_count": 3,
            "project": "docker-266910",
            "region": null,
            "timeouts": null,
            "upgrade_settings": null,
            "version": "1.14.10-gke.27",
            "zone": null
          },
          "private": "eyJlMmJmYjczMC1lY2FhLTExZTYtOGY4OC0zNDM2M2JjN2M0YzAiOnsiY3JlYXRlIjoxODAwMDAwMDAwMDAwLCJkZWxldGUiOjE4MDAwMDAwMDAwMDAsInVwZGF0ZSI6MTgwMDAwMDAwMDAwMH0sInNjaGVtYV92ZXJzaW9uIjoiMSJ9",
          "dependencies": [
            "google_container_cluster.awesome-k8s-cluster"
          ]
        }
      ]
    }
  ]
}
